
Microsoft Visual Studio Solution File, Format Version 12.00
# Visual Studio Version 17
VisualStudioVersion = 17.7.34221.43
MinimumVisualStudioVersion = 10.0.40219.1
Project("{FAE04EC0-301F-11D3-BF4B-00C04F79EFBC}") = "Assignment 21 Part-2", "Assignment 21 Part-2.csproj", "{DF62AA32-FBDD-41AB-9F13-7D37FF33C5A9}"
EndProject
Global
	GlobalSection(SolutionConfigurationPlatforms) = preSolution
		Debug|Any CPU = Debug|Any CPU
		Release|Any CPU = Release|Any CPU
	EndGlobalSection
	GlobalSection(ProjectConfigurationPlatforms) = postSolution
		{DF62AA32-FBDD-41AB-9F13-7D37FF33C5A9}.Debug|Any CPU.ActiveCfg = Debug|Any CPU
		{DF62AA32-FBDD-41AB-9F13-7D37FF33C5A9}.Debug|Any CPU.Build.0 = Debug|Any CPU
		{DF62AA32-FBDD-41AB-9F13-7D37FF33C5A9}.Release|Any CPU.ActiveCfg = Release|Any CPU
		{DF62AA32-FBDD-41AB-9F13-7D37FF33C5A9}.Release|Any CPU.Build.0 = Release|Any CPU
	EndGlobalSection
	GlobalSection(SolutionProperties) = preSolution
		HideSolutionNode = FALSE
	EndGlobalSection
	GlobalSection(ExtensibilityGlobals) = postSolution
		SolutionGuid = {1B023D6D-4DFD-4FBA-8380-42F36487BB30}
	EndGlobalSection
EndGlobal
